
Microsoft Visual Studio Solution File, Format Version 12.00
# Visual Studio Express 14 for Windows Desktop
VisualStudioVersion = 14.0.25420.1
MinimumVisualStudioVersion = 10.0.40219.1
Project("{FAE04EC0-301F-11D3-BF4B-00C04F79EFBC}") = "ExcelDataReader.Console", "ExcelDataReader\ExcelDataReader.Console.csproj", "{D6E96A6D-F572-4982-A74A-E6CAA9B9B1C9}"
EndProject
Project("{FAE04EC0-301F-11D3-BF4B-00C04F79EFBC}") = "ExcelDataReader.UI", "ExcelDataReader.UI\ExcelDataReader.UI.csproj", "{18586A9B-B2AF-4D01-B70B-9047830191E2}"
EndProject
Project("{FAE04EC0-301F-11D3-BF4B-00C04F79EFBC}") = "ExcelDataReader.Core", "ExcelDataReader.Core\ExcelDataReader.Core.csproj", "{CBA3996D-3D2A-4043-91B7-978C2889702E}"
EndProject
Global
	GlobalSection(SolutionConfigurationPlatforms) = preSolution
		Debug|Any CPU = Debug|Any CPU
		Release|Any CPU = Release|Any CPU
	EndGlobalSection
	GlobalSection(ProjectConfigurationPlatforms) = postSolution
		{D6E96A6D-F572-4982-A74A-E6CAA9B9B1C9}.Debug|Any CPU.ActiveCfg = Debug|Any CPU
		{D6E96A6D-F572-4982-A74A-E6CAA9B9B1C9}.Debug|Any CPU.Build.0 = Debug|Any CPU
		{D6E96A6D-F572-4982-A74A-E6CAA9B9B1C9}.Release|Any CPU.ActiveCfg = Release|Any CPU
		{D6E96A6D-F572-4982-A74A-E6CAA9B9B1C9}.Release|Any CPU.Build.0 = Release|Any CPU
		{18586A9B-B2AF-4D01-B70B-9047830191E2}.Debug|Any CPU.ActiveCfg = Debug|Any CPU
		{18586A9B-B2AF-4D01-B70B-9047830191E2}.Debug|Any CPU.Build.0 = Debug|Any CPU
		{18586A9B-B2AF-4D01-B70B-9047830191E2}.Release|Any CPU.ActiveCfg = Release|Any CPU
		{18586A9B-B2AF-4D01-B70B-9047830191E2}.Release|Any CPU.Build.0 = Release|Any CPU
		{CBA3996D-3D2A-4043-91B7-978C2889702E}.Debug|Any CPU.ActiveCfg = Debug|Any CPU
		{CBA3996D-3D2A-4043-91B7-978C2889702E}.Debug|Any CPU.Build.0 = Debug|Any CPU
		{CBA3996D-3D2A-4043-91B7-978C2889702E}.Release|Any CPU.ActiveCfg = Release|Any CPU
		{CBA3996D-3D2A-4043-91B7-978C2889702E}.Release|Any CPU.Build.0 = Release|Any CPU
	EndGlobalSection
	GlobalSection(SolutionProperties) = preSolution
		HideSolutionNode = FALSE
	EndGlobalSection
EndGlobal
